// !$*UTF8*$!
{
	archiveVersion = 1;
	classes = {
	};
	objectVersion = 56;
	objects = {

/* Begin PBXBuildFile section */
		0F6266DC2B9D6CB400255FE9 /* DependencyInjectionBootcamp.swift in Sources */ = {isa = PBXBuildFile; fileRef = 0F6266DB2B9D6CB400255FE9 /* DependencyInjectionBootcamp.swift */; };
		0F9129202B9612D200617ED9 /* CustomAnyTransition.swift in Sources */ = {isa = PBXBuildFile; fileRef = 0F91291F2B9612D200617ED9 /* CustomAnyTransition.swift */; };
		0F9129222B9618D900617ED9 /* CustomMatchedGeometryEffect.swift in Sources */ = {isa = PBXBuildFile; fileRef = 0F9129212B9618D900617ED9 /* CustomMatchedGeometryEffect.swift */; };
		0F9129242B96A75400617ED9 /* CustomShapes.swift in Sources */ = {isa = PBXBuildFile; fileRef = 0F9129232B96A75400617ED9 /* CustomShapes.swift */; };
		0F9129262B96AC4B00617ED9 /* CustomCurves.swift in Sources */ = {isa = PBXBuildFile; fileRef = 0F9129252B96AC4B00617ED9 /* CustomCurves.swift */; };
		0F9129282B96B6E200617ED9 /* AnimateableData.swift in Sources */ = {isa = PBXBuildFile; fileRef = 0F9129272B96B6E200617ED9 /* AnimateableData.swift */; };
		0F91292A2B96BE2D00617ED9 /* Generics.swift in Sources */ = {isa = PBXBuildFile; fileRef = 0F9129292B96BE2D00617ED9 /* Generics.swift */; };
		0F91292C2B96CEF100617ED9 /* ViewBuilderBootcamp.swift in Sources */ = {isa = PBXBuildFile; fileRef = 0F91292B2B96CEF100617ED9 /* ViewBuilderBootcamp.swift */; };
		0F91292E2B96F01B00617ED9 /* PreferenceKeyBootcamp.swift in Sources */ = {isa = PBXBuildFile; fileRef = 0F91292D2B96F01B00617ED9 /* PreferenceKeyBootcamp.swift */; };
		0F9129312B97002600617ED9 /* GeometryPreferenceKeyBootcamp.swift in Sources */ = {isa = PBXBuildFile; fileRef = 0F9129302B97002600617ED9 /* GeometryPreferenceKeyBootcamp.swift */; };
		0F9129332B9702AC00617ED9 /* ScrollviewOffsetPreferenceKeyBootcamp.swift in Sources */ = {isa = PBXBuildFile; fileRef = 0F9129322B9702AC00617ED9 /* ScrollviewOffsetPreferenceKeyBootcamp.swift */; };
		0F9129362B97116300617ED9 /* AppTabBarView.swift in Sources */ = {isa = PBXBuildFile; fileRef = 0F9129352B97116300617ED9 /* AppTabBarView.swift */; };
		0F9129382B97126F00617ED9 /* CustomTabBarView.swift in Sources */ = {isa = PBXBuildFile; fileRef = 0F9129372B97126F00617ED9 /* CustomTabBarView.swift */; };
		0F91293A2B97180C00617ED9 /* CustomTabBarContainerView.swift in Sources */ = {isa = PBXBuildFile; fileRef = 0F9129392B97180C00617ED9 /* CustomTabBarContainerView.swift */; };
		0F91293C2B9723CB00617ED9 /* TabBarItemsPreferenceKey.swift in Sources */ = {isa = PBXBuildFile; fileRef = 0F91293B2B9723CB00617ED9 /* TabBarItemsPreferenceKey.swift */; };
		0F91293E2B97276300617ED9 /* TabBarItem.swift in Sources */ = {isa = PBXBuildFile; fileRef = 0F91293D2B97276300617ED9 /* TabBarItem.swift */; };
		0F9210DB2B9A033A00D7C902 /* UIViewRepresentableBootcamp.swift in Sources */ = {isa = PBXBuildFile; fileRef = 0F9210DA2B9A033A00D7C902 /* UIViewRepresentableBootcamp.swift */; };
		0F9210DD2B9B48C400D7C902 /* UIViewControllerRepresentableBootcamp.swift in Sources */ = {isa = PBXBuildFile; fileRef = 0F9210DC2B9B48C400D7C902 /* UIViewControllerRepresentableBootcamp.swift */; };
		0F9210DF2B9B517700D7C902 /* ProtocolBootcamp.swift in Sources */ = {isa = PBXBuildFile; fileRef = 0F9210DE2B9B517700D7C902 /* ProtocolBootcamp.swift */; };
		0FCE6BA12B932EE700D0BB05 /* SwiftUIAdvanceApp.swift in Sources */ = {isa = PBXBuildFile; fileRef = 0FCE6BA02B932EE700D0BB05 /* SwiftUIAdvanceApp.swift */; };
		0FCE6BA32B932EE700D0BB05 /* ContentView.swift in Sources */ = {isa = PBXBuildFile; fileRef = 0FCE6BA22B932EE700D0BB05 /* ContentView.swift */; };
		0FCE6BA52B932EE900D0BB05 /* Assets.xcassets in Resources */ = {isa = PBXBuildFile; fileRef = 0FCE6BA42B932EE900D0BB05 /* Assets.xcassets */; };
		0FCE6BA82B932EE900D0BB05 /* Preview Assets.xcassets in Resources */ = {isa = PBXBuildFile; fileRef = 0FCE6BA72B932EE900D0BB05 /* Preview Assets.xcassets */; };
		0FCE6BAF2B932F5500D0BB05 /* ViewModifierBootcamp.swift in Sources */ = {isa = PBXBuildFile; fileRef = 0FCE6BAE2B932F5500D0BB05 /* ViewModifierBootcamp.swift */; };
		0FCE6BB12B933A3200D0BB05 /* CustomButtonStyle.swift in Sources */ = {isa = PBXBuildFile; fileRef = 0FCE6BB02B933A3200D0BB05 /* CustomButtonStyle.swift */; };
		0FE1049D2B986C38008A1CB3 /* AppNavBarView.swift in Sources */ = {isa = PBXBuildFile; fileRef = 0FE1049C2B986C38008A1CB3 /* AppNavBarView.swift */; };
		0FE1049F2B986D5E008A1CB3 /* CustomNavBarView.swift in Sources */ = {isa = PBXBuildFile; fileRef = 0FE1049E2B986D5E008A1CB3 /* CustomNavBarView.swift */; };
		0FE104A12B9870A5008A1CB3 /* CustomNavBarContainerView.swift in Sources */ = {isa = PBXBuildFile; fileRef = 0FE104A02B9870A5008A1CB3 /* CustomNavBarContainerView.swift */; };
		0FE104A32B987327008A1CB3 /* CustomNavView.swift in Sources */ = {isa = PBXBuildFile; fileRef = 0FE104A22B987327008A1CB3 /* CustomNavView.swift */; };
		0FE104A52B987493008A1CB3 /* CustomNavLink.swift in Sources */ = {isa = PBXBuildFile; fileRef = 0FE104A42B987493008A1CB3 /* CustomNavLink.swift */; };
		0FE104A72B987F51008A1CB3 /* CustomNavBarPreferenceKeys.swift in Sources */ = {isa = PBXBuildFile; fileRef = 0FE104A62B987F51008A1CB3 /* CustomNavBarPreferenceKeys.swift */; };
/* End PBXBuildFile section */

/* Begin PBXFileReference section */
		0F6266DB2B9D6CB400255FE9 /* DependencyInjectionBootcamp.swift */ = {isa = PBXFileReference; lastKnownFileType = sourcecode.swift; path = DependencyInjectionBootcamp.swift; sourceTree = "<group>"; };
		0F91291F2B9612D200617ED9 /* CustomAnyTransition.swift */ = {isa = PBXFileReference; lastKnownFileType = sourcecode.swift; path = CustomAnyTransition.swift; sourceTree = "<group>"; };
		0F9129212B9618D900617ED9 /* CustomMatchedGeometryEffect.swift */ = {isa = PBXFileReference; lastKnownFileType = sourcecode.swift; path = CustomMatchedGeometryEffect.swift; sourceTree = "<group>"; };
		0F9129232B96A75400617ED9 /* CustomShapes.swift */ = {isa = PBXFileReference; lastKnownFileType = sourcecode.swift; path = CustomShapes.swift; sourceTree = "<group>"; };
		0F9129252B96AC4B00617ED9 /* CustomCurves.swift */ = {isa = PBXFileReference; lastKnownFileType = sourcecode.swift; path = CustomCurves.swift; sourceTree = "<group>"; };
		0F9129272B96B6E200617ED9 /* AnimateableData.swift */ = {isa = PBXFileReference; lastKnownFileType = sourcecode.swift; path = AnimateableData.swift; sourceTree = "<group>"; };
		0F9129292B96BE2D00617ED9 /* Generics.swift */ = {isa = PBXFileReference; lastKnownFileType = sourcecode.swift; path = Generics.swift; sourceTree = "<group>"; };
		0F91292B2B96CEF100617ED9 /* ViewBuilderBootcamp.swift */ = {isa = PBXFileReference; lastKnownFileType = sourcecode.swift; path = ViewBuilderBootcamp.swift; sourceTree = "<group>"; };
		0F91292D2B96F01B00617ED9 /* PreferenceKeyBootcamp.swift */ = {isa = PBXFileReference; lastKnownFileType = sourcecode.swift; path = PreferenceKeyBootcamp.swift; sourceTree = "<group>"; };
		0F9129302B97002600617ED9 /* GeometryPreferenceKeyBootcamp.swift */ = {isa = PBXFileReference; lastKnownFileType = sourcecode.swift; path = GeometryPreferenceKeyBootcamp.swift; sourceTree = "<group>"; };
		0F9129322B9702AC00617ED9 /* ScrollviewOffsetPreferenceKeyBootcamp.swift */ = {isa = PBXFileReference; lastKnownFileType = sourcecode.swift; path = ScrollviewOffsetPreferenceKeyBootcamp.swift; sourceTree = "<group>"; };
		0F9129352B97116300617ED9 /* AppTabBarView.swift */ = {isa = PBXFileReference; lastKnownFileType = sourcecode.swift; path = AppTabBarView.swift; sourceTree = "<group>"; };
		0F9129372B97126F00617ED9 /* CustomTabBarView.swift */ = {isa = PBXFileReference; lastKnownFileType = sourcecode.swift; path = CustomTabBarView.swift; sourceTree = "<group>"; };
		0F9129392B97180C00617ED9 /* CustomTabBarContainerView.swift */ = {isa = PBXFileReference; lastKnownFileType = sourcecode.swift; path = CustomTabBarContainerView.swift; sourceTree = "<group>"; };
		0F91293B2B9723CB00617ED9 /* TabBarItemsPreferenceKey.swift */ = {isa = PBXFileReference; lastKnownFileType = sourcecode.swift; path = TabBarItemsPreferenceKey.swift; sourceTree = "<group>"; };
		0F91293D2B97276300617ED9 /* TabBarItem.swift */ = {isa = PBXFileReference; lastKnownFileType = sourcecode.swift; path = TabBarItem.swift; sourceTree = "<group>"; };
		0F9210DA2B9A033A00D7C902 /* UIViewRepresentableBootcamp.swift */ = {isa = PBXFileReference; lastKnownFileType = sourcecode.swift; path = UIViewRepresentableBootcamp.swift; sourceTree = "<group>"; };
		0F9210DC2B9B48C400D7C902 /* UIViewControllerRepresentableBootcamp.swift */ = {isa = PBXFileReference; lastKnownFileType = sourcecode.swift; path = UIViewControllerRepresentableBootcamp.swift; sourceTree = "<group>"; };
		0F9210DE2B9B517700D7C902 /* ProtocolBootcamp.swift */ = {isa = PBXFileReference; lastKnownFileType = sourcecode.swift; path = ProtocolBootcamp.swift; sourceTree = "<group>"; };
		0FCE6B9D2B932EE700D0BB05 /* SwiftUIAdvance.app */ = {isa = PBXFileReference; explicitFileType = wrapper.application; includeInIndex = 0; path = SwiftUIAdvance.app; sourceTree = BUILT_PRODUCTS_DIR; };
		0FCE6BA02B932EE700D0BB05 /* SwiftUIAdvanceApp.swift */ = {isa = PBXFileReference; lastKnownFileType = sourcecode.swift; path = SwiftUIAdvanceApp.swift; sourceTree = "<group>"; };
		0FCE6BA22B932EE700D0BB05 /* ContentView.swift */ = {isa = PBXFileReference; lastKnownFileType = sourcecode.swift; path = ContentView.swift; sourceTree = "<group>"; };
		0FCE6BA42B932EE900D0BB05 /* Assets.xcassets */ = {isa = PBXFileReference; lastKnownFileType = folder.assetcatalog; path = Assets.xcassets; sourceTree = "<group>"; };
		0FCE6BA72B932EE900D0BB05 /* Preview Assets.xcassets */ = {isa = PBXFileReference; lastKnownFileType = folder.assetcatalog; path = "Preview Assets.xcassets"; sourceTree = "<group>"; };
		0FCE6BAE2B932F5500D0BB05 /* ViewModifierBootcamp.swift */ = {isa = PBXFileReference; lastKnownFileType = sourcecode.swift; path = ViewModifierBootcamp.swift; sourceTree = "<group>"; };
		0FCE6BB02B933A3200D0BB05 /* CustomButtonStyle.swift */ = {isa = PBXFileReference; lastKnownFileType = sourcecode.swift; path = CustomButtonStyle.swift; sourceTree = "<group>"; };
		0FE1049C2B986C38008A1CB3 /* AppNavBarView.swift */ = {isa = PBXFileReference; lastKnownFileType = sourcecode.swift; path = AppNavBarView.swift; sourceTree = "<group>"; };
		0FE1049E2B986D5E008A1CB3 /* CustomNavBarView.swift */ = {isa = PBXFileReference; lastKnownFileType = sourcecode.swift; path = CustomNavBarView.swift; sourceTree = "<group>"; };
		0FE104A02B9870A5008A1CB3 /* CustomNavBarContainerView.swift */ = {isa = PBXFileReference; lastKnownFileType = sourcecode.swift; path = CustomNavBarContainerView.swift; sourceTree = "<group>"; };
		0FE104A22B987327008A1CB3 /* CustomNavView.swift */ = {isa = PBXFileReference; lastKnownFileType = sourcecode.swift; path = CustomNavView.swift; sourceTree = "<group>"; };
		0FE104A42B987493008A1CB3 /* CustomNavLink.swift */ = {isa = PBXFileReference; lastKnownFileType = sourcecode.swift; path = CustomNavLink.swift; sourceTree = "<group>"; };
		0FE104A62B987F51008A1CB3 /* CustomNavBarPreferenceKeys.swift */ = {isa = PBXFileReference; lastKnownFileType = sourcecode.swift; path = CustomNavBarPreferenceKeys.swift; sourceTree = "<group>"; };
/* End PBXFileReference section */

/* Begin PBXFrameworksBuildPhase section */
		0FCE6B9A2B932EE700D0BB05 /* Frameworks */ = {
			isa = PBXFrameworksBuildPhase;
			buildActionMask = 2147483647;
			files = (
			);
			runOnlyForDeploymentPostprocessing = 0;
		};
/* End PBXFrameworksBuildPhase section */

/* Begin PBXGroup section */
		0F91292F2B97000100617ED9 /* PreferenceKeyBootcamp */ = {
			isa = PBXGroup;
			children = (
				0F91292D2B96F01B00617ED9 /* PreferenceKeyBootcamp.swift */,
				0F9129302B97002600617ED9 /* GeometryPreferenceKeyBootcamp.swift */,
				0F9129322B9702AC00617ED9 /* ScrollviewOffsetPreferenceKeyBootcamp.swift */,
			);
			path = PreferenceKeyBootcamp;
			sourceTree = "<group>";
		};
		0F9129342B97114600617ED9 /* CustomTabBar */ = {
			isa = PBXGroup;
			children = (
				0F9129352B97116300617ED9 /* AppTabBarView.swift */,
				0F9129372B97126F00617ED9 /* CustomTabBarView.swift */,
				0F9129392B97180C00617ED9 /* CustomTabBarContainerView.swift */,
				0F91293B2B9723CB00617ED9 /* TabBarItemsPreferenceKey.swift */,
				0F91293D2B97276300617ED9 /* TabBarItem.swift */,
			);
			path = CustomTabBar;
			sourceTree = "<group>";
		};
		0FCE6B942B932EE700D0BB05 = {
			isa = PBXGroup;
			children = (
				0FCE6B9F2B932EE700D0BB05 /* SwiftUIAdvance */,
				0FCE6B9E2B932EE700D0BB05 /* Products */,
			);
			sourceTree = "<group>";
		};
		0FCE6B9E2B932EE700D0BB05 /* Products */ = {
			isa = PBXGroup;
			children = (
				0FCE6B9D2B932EE700D0BB05 /* SwiftUIAdvance.app */,
			);
			name = Products;
			sourceTree = "<group>";
		};
		0FCE6B9F2B932EE700D0BB05 /* SwiftUIAdvance */ = {
			isa = PBXGroup;
			children = (
				0FE1049B2B986C1F008A1CB3 /* CustomNavBar */,
				0F9129342B97114600617ED9 /* CustomTabBar */,
				0F91292F2B97000100617ED9 /* PreferenceKeyBootcamp */,
				0F9129272B96B6E200617ED9 /* AnimateableData.swift */,
				0F9129292B96BE2D00617ED9 /* Generics.swift */,
				0F9129252B96AC4B00617ED9 /* CustomCurves.swift */,
				0F9129232B96A75400617ED9 /* CustomShapes.swift */,
				0F9129212B9618D900617ED9 /* CustomMatchedGeometryEffect.swift */,
				0F91291F2B9612D200617ED9 /* CustomAnyTransition.swift */,
				0FCE6BB02B933A3200D0BB05 /* CustomButtonStyle.swift */,
				0FCE6BAE2B932F5500D0BB05 /* ViewModifierBootcamp.swift */,
				0FCE6BA02B932EE700D0BB05 /* SwiftUIAdvanceApp.swift */,
				0FCE6BA22B932EE700D0BB05 /* ContentView.swift */,
				0F9210DA2B9A033A00D7C902 /* UIViewRepresentableBootcamp.swift */,
				0FCE6BA42B932EE900D0BB05 /* Assets.xcassets */,
				0FCE6BA62B932EE900D0BB05 /* Preview Content */,
				0F91292B2B96CEF100617ED9 /* ViewBuilderBootcamp.swift */,
				0F9210DC2B9B48C400D7C902 /* UIViewControllerRepresentableBootcamp.swift */,
				0F9210DE2B9B517700D7C902 /* ProtocolBootcamp.swift */,
				0F6266DB2B9D6CB400255FE9 /* DependencyInjectionBootcamp.swift */,
			);
			path = SwiftUIAdvance;
			sourceTree = "<group>";
		};
		0FCE6BA62B932EE900D0BB05 /* Preview Content */ = {
			isa = PBXGroup;
			children = (
				0FCE6BA72B932EE900D0BB05 /* Preview Assets.xcassets */,
			);
			path = "Preview Content";
			sourceTree = "<group>";
		};
		0FE1049B2B986C1F008A1CB3 /* CustomNavBar */ = {
			isa = PBXGroup;
			children = (
				0FE1049C2B986C38008A1CB3 /* AppNavBarView.swift */,
				0FE1049E2B986D5E008A1CB3 /* CustomNavBarView.swift */,
				0FE104A02B9870A5008A1CB3 /* CustomNavBarContainerView.swift */,
				0FE104A22B987327008A1CB3 /* CustomNavView.swift */,
				0FE104A42B987493008A1CB3 /* CustomNavLink.swift */,
				0FE104A62B987F51008A1CB3 /* CustomNavBarPreferenceKeys.swift */,
			);
			path = CustomNavBar;
			sourceTree = "<group>";
		};
/* End PBXGroup section */

/* Begin PBXNativeTarget section */
		0FCE6B9C2B932EE700D0BB05 /* SwiftUIAdvance */ = {
			isa = PBXNativeTarget;
			buildConfigurationList = 0FCE6BAB2B932EE900D0BB05 /* Build configuration list for PBXNativeTarget "SwiftUIAdvance" */;
			buildPhases = (
				0FCE6B992B932EE700D0BB05 /* Sources */,
				0FCE6B9A2B932EE700D0BB05 /* Frameworks */,
				0FCE6B9B2B932EE700D0BB05 /* Resources */,
			);
			buildRules = (
			);
			dependencies = (
			);
			name = SwiftUIAdvance;
			productName = SwiftUIAdvance;
			productReference = 0FCE6B9D2B932EE700D0BB05 /* SwiftUIAdvance.app */;
			productType = "com.apple.product-type.application";
		};
/* End PBXNativeTarget section */

/* Begin PBXProject section */
		0FCE6B952B932EE700D0BB05 /* Project object */ = {
			isa = PBXProject;
			attributes = {
				BuildIndependentTargetsInParallel = 1;
				LastSwiftUpdateCheck = 1520;
				LastUpgradeCheck = 1520;
				TargetAttributes = {
					0FCE6B9C2B932EE700D0BB05 = {
						CreatedOnToolsVersion = 15.2;
					};
				};
			};
			buildConfigurationList = 0FCE6B982B932EE700D0BB05 /* Build configuration list for PBXProject "SwiftUIAdvance" */;
			compatibilityVersion = "Xcode 14.0";
			developmentRegion = en;
			hasScannedForEncodings = 0;
			knownRegions = (
				en,
				Base,
			);
			mainGroup = 0FCE6B942B932EE700D0BB05;
			productRefGroup = 0FCE6B9E2B932EE700D0BB05 /* Products */;
			projectDirPath = "";
			projectRoot = "";
			targets = (
				0FCE6B9C2B932EE700D0BB05 /* SwiftUIAdvance */,
			);
		};
/* End PBXProject section */

/* Begin PBXResourcesBuildPhase section */
		0FCE6B9B2B932EE700D0BB05 /* Resources */ = {
			isa = PBXResourcesBuildPhase;
			buildActionMask = 2147483647;
			files = (
				0FCE6BA82B932EE900D0BB05 /* Preview Assets.xcassets in Resources */,
				0FCE6BA52B932EE900D0BB05 /* Assets.xcassets in Resources */,
			);
			runOnlyForDeploymentPostprocessing = 0;
		};
/* End PBXResourcesBuildPhase section */

/* Begin PBXSourcesBuildPhase section */
		0FCE6B992B932EE700D0BB05 /* Sources */ = {
			isa = PBXSourcesBuildPhase;
			buildActionMask = 2147483647;
			files = (
				0F9210DD2B9B48C400D7C902 /* UIViewControllerRepresentableBootcamp.swift in Sources */,
				0F9129262B96AC4B00617ED9 /* CustomCurves.swift in Sources */,
				0F9129282B96B6E200617ED9 /* AnimateableData.swift in Sources */,
				0F9129362B97116300617ED9 /* AppTabBarView.swift in Sources */,
				0F9210DF2B9B517700D7C902 /* ProtocolBootcamp.swift in Sources */,
				0F9129332B9702AC00617ED9 /* ScrollviewOffsetPreferenceKeyBootcamp.swift in Sources */,
				0FE104A52B987493008A1CB3 /* CustomNavLink.swift in Sources */,
				0F9129382B97126F00617ED9 /* CustomTabBarView.swift in Sources */,
				0F9129222B9618D900617ED9 /* CustomMatchedGeometryEffect.swift in Sources */,
				0FE104A32B987327008A1CB3 /* CustomNavView.swift in Sources */,
				0FCE6BAF2B932F5500D0BB05 /* ViewModifierBootcamp.swift in Sources */,
				0FCE6BB12B933A3200D0BB05 /* CustomButtonStyle.swift in Sources */,
				0F9129202B9612D200617ED9 /* CustomAnyTransition.swift in Sources */,
				0F91292E2B96F01B00617ED9 /* PreferenceKeyBootcamp.swift in Sources */,
				0FCE6BA32B932EE700D0BB05 /* ContentView.swift in Sources */,
				0F9129312B97002600617ED9 /* GeometryPreferenceKeyBootcamp.swift in Sources */,
				0F91292C2B96CEF100617ED9 /* ViewBuilderBootcamp.swift in Sources */,
				0F91293E2B97276300617ED9 /* TabBarItem.swift in Sources */,
				0F91293A2B97180C00617ED9 /* CustomTabBarContainerView.swift in Sources */,
				0F91292A2B96BE2D00617ED9 /* Generics.swift in Sources */,
				0F9210DB2B9A033A00D7C902 /* UIViewRepresentableBootcamp.swift in Sources */,
				0FE1049D2B986C38008A1CB3 /* AppNavBarView.swift in Sources */,
				0F91293C2B9723CB00617ED9 /* TabBarItemsPreferenceKey.swift in Sources */,
				0FE1049F2B986D5E008A1CB3 /* CustomNavBarView.swift in Sources */,
				0FE104A72B987F51008A1CB3 /* CustomNavBarPreferenceKeys.swift in Sources */,
				0FE104A12B9870A5008A1CB3 /* CustomNavBarContainerView.swift in Sources */,
				0F9129242B96A75400617ED9 /* CustomShapes.swift in Sources */,
				0F6266DC2B9D6CB400255FE9 /* DependencyInjectionBootcamp.swift in Sources */,
				0FCE6BA12B932EE700D0BB05 /* SwiftUIAdvanceApp.swift in Sources */,
			);
			runOnlyForDeploymentPostprocessing = 0;
		};
/* End PBXSourcesBuildPhase section */

/* Begin XCBuildConfiguration section */
		0FCE6BA92B932EE900D0BB05 /* Debug */ = {
			isa = XCBuildConfiguration;
			buildSettings = {
				ALWAYS_SEARCH_USER_PATHS = NO;
				ASSETCATALOG_COMPILER_GENERATE_SWIFT_ASSET_SYMBOL_EXTENSIONS = YES;
				CLANG_ANALYZER_NONNULL = YES;
				CLANG_ANALYZER_NUMBER_OBJECT_CONVERSION = YES_AGGRESSIVE;
				CLANG_CXX_LANGUAGE_STANDARD = "gnu++20";
				CLANG_ENABLE_MODULES = YES;
				CLANG_ENABLE_OBJC_ARC = YES;
				CLANG_ENABLE_OBJC_WEAK = YES;
				CLANG_WARN_BLOCK_CAPTURE_AUTORELEASING = YES;
				CLANG_WARN_BOOL_CONVERSION = YES;
				CLANG_WARN_COMMA = YES;
				CLANG_WARN_CONSTANT_CONVERSION = YES;
				CLANG_WARN_DEPRECATED_OBJC_IMPLEMENTATIONS = YES;
				CLANG_WARN_DIRECT_OBJC_ISA_USAGE = YES_ERROR;
				CLANG_WARN_DOCUMENTATION_COMMENTS = YES;
				CLANG_WARN_EMPTY_BODY = YES;
				CLANG_WARN_ENUM_CONVERSION = YES;
				CLANG_WARN_INFINITE_RECURSION = YES;
				CLANG_WARN_INT_CONVERSION = YES;
				CLANG_WARN_NON_LITERAL_NULL_CONVERSION = YES;
				CLANG_WARN_OBJC_IMPLICIT_RETAIN_SELF = YES;
				CLANG_WARN_OBJC_LITERAL_CONVERSION = YES;
				CLANG_WARN_OBJC_ROOT_CLASS = YES_ERROR;
				CLANG_WARN_QUOTED_INCLUDE_IN_FRAMEWORK_HEADER = YES;
				CLANG_WARN_RANGE_LOOP_ANALYSIS = YES;
				CLANG_WARN_STRICT_PROTOTYPES = YES;
				CLANG_WARN_SUSPICIOUS_MOVE = YES;
				CLANG_WARN_UNGUARDED_AVAILABILITY = YES_AGGRESSIVE;
				CLANG_WARN_UNREACHABLE_CODE = YES;
				CLANG_WARN__DUPLICATE_METHOD_MATCH = YES;
				COPY_PHASE_STRIP = NO;
				DEBUG_INFORMATION_FORMAT = dwarf;
				ENABLE_STRICT_OBJC_MSGSEND = YES;
				ENABLE_TESTABILITY = YES;
				ENABLE_USER_SCRIPT_SANDBOXING = YES;
				GCC_C_LANGUAGE_STANDARD = gnu17;
				GCC_DYNAMIC_NO_PIC = NO;
				GCC_NO_COMMON_BLOCKS = YES;
				GCC_OPTIMIZATION_LEVEL = 0;
				GCC_PREPROCESSOR_DEFINITIONS = (
					"DEBUG=1",
					"$(inherited)",
				);
				GCC_WARN_64_TO_32_BIT_CONVERSION = YES;
				GCC_WARN_ABOUT_RETURN_TYPE = YES_ERROR;
				GCC_WARN_UNDECLARED_SELECTOR = YES;
				GCC_WARN_UNINITIALIZED_AUTOS = YES_AGGRESSIVE;
				GCC_WARN_UNUSED_FUNCTION = YES;
				GCC_WARN_UNUSED_VARIABLE = YES;
				IPHONEOS_DEPLOYMENT_TARGET = 17.2;
				LOCALIZATION_PREFERS_STRING_CATALOGS = YES;
				MTL_ENABLE_DEBUG_INFO = INCLUDE_SOURCE;
				MTL_FAST_MATH = YES;
				ONLY_ACTIVE_ARCH = YES;
				SDKROOT = iphoneos;
				SWIFT_ACTIVE_COMPILATION_CONDITIONS = "DEBUG $(inherited)";
				SWIFT_OPTIMIZATION_LEVEL = "-Onone";
			};
			name = Debug;
		};
		0FCE6BAA2B932EE900D0BB05 /* Release */ = {
			isa = XCBuildConfiguration;
			buildSettings = {
				ALWAYS_SEARCH_USER_PATHS = NO;
				ASSETCATALOG_COMPILER_GENERATE_SWIFT_ASSET_SYMBOL_EXTENSIONS = YES;
				CLANG_ANALYZER_NONNULL = YES;
				CLANG_ANALYZER_NUMBER_OBJECT_CONVERSION = YES_AGGRESSIVE;
				CLANG_CXX_LANGUAGE_STANDARD = "gnu++20";
				CLANG_ENABLE_MODULES = YES;
				CLANG_ENABLE_OBJC_ARC = YES;
				CLANG_ENABLE_OBJC_WEAK = YES;
				CLANG_WARN_BLOCK_CAPTURE_AUTORELEASING = YES;
				CLANG_WARN_BOOL_CONVERSION = YES;
				CLANG_WARN_COMMA = YES;
				CLANG_WARN_CONSTANT_CONVERSION = YES;
				CLANG_WARN_DEPRECATED_OBJC_IMPLEMENTATIONS = YES;
				CLANG_WARN_DIRECT_OBJC_ISA_USAGE = YES_ERROR;
				CLANG_WARN_DOCUMENTATION_COMMENTS = YES;
				CLANG_WARN_EMPTY_BODY = YES;
				CLANG_WARN_ENUM_CONVERSION = YES;
				CLANG_WARN_INFINITE_RECURSION = YES;
				CLANG_WARN_INT_CONVERSION = YES;
				CLANG_WARN_NON_LITERAL_NULL_CONVERSION = YES;
				CLANG_WARN_OBJC_IMPLICIT_RETAIN_SELF = YES;
				CLANG_WARN_OBJC_LITERAL_CONVERSION = YES;
				CLANG_WARN_OBJC_ROOT_CLASS = YES_ERROR;
				CLANG_WARN_QUOTED_INCLUDE_IN_FRAMEWORK_HEADER = YES;
				CLANG_WARN_RANGE_LOOP_ANALYSIS = YES;
				CLANG_WARN_STRICT_PROTOTYPES = YES;
				CLANG_WARN_SUSPICIOUS_MOVE = YES;
				CLANG_WARN_UNGUARDED_AVAILABILITY = YES_AGGRESSIVE;
				CLANG_WARN_UNREACHABLE_CODE = YES;
				CLANG_WARN__DUPLICATE_METHOD_MATCH = YES;
				COPY_PHASE_STRIP = NO;
				DEBUG_INFORMATION_FORMAT = "dwarf-with-dsym";
				ENABLE_NS_ASSERTIONS = NO;
				ENABLE_STRICT_OBJC_MSGSEND = YES;
				ENABLE_USER_SCRIPT_SANDBOXING = YES;
				GCC_C_LANGUAGE_STANDARD = gnu17;
				GCC_NO_COMMON_BLOCKS = YES;
				GCC_WARN_64_TO_32_BIT_CONVERSION = YES;
				GCC_WARN_ABOUT_RETURN_TYPE = YES_ERROR;
				GCC_WARN_UNDECLARED_SELECTOR = YES;
				GCC_WARN_UNINITIALIZED_AUTOS = YES_AGGRESSIVE;
				GCC_WARN_UNUSED_FUNCTION = YES;
				GCC_WARN_UNUSED_VARIABLE = YES;
				IPHONEOS_DEPLOYMENT_TARGET = 17.2;
				LOCALIZATION_PREFERS_STRING_CATALOGS = YES;
				MTL_ENABLE_DEBUG_INFO = NO;
				MTL_FAST_MATH = YES;
				SDKROOT = iphoneos;
				SWIFT_COMPILATION_MODE = wholemodule;
				VALIDATE_PRODUCT = YES;
			};
			name = Release;
		};
		0FCE6BAC2B932EE900D0BB05 /* Debug */ = {
			isa = XCBuildConfiguration;
			buildSettings = {
				ASSETCATALOG_COMPILER_APPICON_NAME = AppIcon;
				ASSETCATALOG_COMPILER_GLOBAL_ACCENT_COLOR_NAME = AccentColor;
				CODE_SIGN_STYLE = Automatic;
				CURRENT_PROJECT_VERSION = 1;
				DEVELOPMENT_ASSET_PATHS = "\"SwiftUIAdvance/Preview Content\"";
				DEVELOPMENT_TEAM = RGRK4BWFFK;
				ENABLE_PREVIEWS = YES;
				GENERATE_INFOPLIST_FILE = YES;
				INFOPLIST_KEY_UIApplicationSceneManifest_Generation = YES;
				INFOPLIST_KEY_UIApplicationSupportsIndirectInputEvents = YES;
				INFOPLIST_KEY_UILaunchScreen_Generation = YES;
				INFOPLIST_KEY_UISupportedInterfaceOrientations_iPad = "UIInterfaceOrientationPortrait UIInterfaceOrientationPortraitUpsideDown UIInterfaceOrientationLandscapeLeft UIInterfaceOrientationLandscapeRight";
				INFOPLIST_KEY_UISupportedInterfaceOrientations_iPhone = "UIInterfaceOrientationPortrait UIInterfaceOrientationLandscapeLeft UIInterfaceOrientationLandscapeRight";
				LD_RUNPATH_SEARCH_PATHS = (
					"$(inherited)",
					"@executable_path/Frameworks",
				);
				MARKETING_VERSION = 1.0;
				PRODUCT_BUNDLE_IDENTIFIER = com.herisusanto.SwiftUIAdvance;
				PRODUCT_NAME = "$(TARGET_NAME)";
				SWIFT_EMIT_LOC_STRINGS = YES;
				SWIFT_VERSION = 5.0;
				TARGETED_DEVICE_FAMILY = "1,2";
			};
			name = Debug;
		};
		0FCE6BAD2B932EE900D0BB05 /* Release */ = {
			isa = XCBuildConfiguration;
			buildSettings = {
				ASSETCATALOG_COMPILER_APPICON_NAME = AppIcon;
				ASSETCATALOG_COMPILER_GLOBAL_ACCENT_COLOR_NAME = AccentColor;
				CODE_SIGN_STYLE = Automatic;
				CURRENT_PROJECT_VERSION = 1;
				DEVELOPMENT_ASSET_PATHS = "\"SwiftUIAdvance/Preview Content\"";
				DEVELOPMENT_TEAM = RGRK4BWFFK;
				ENABLE_PREVIEWS = YES;
				GENERATE_INFOPLIST_FILE = YES;
				INFOPLIST_KEY_UIApplicationSceneManifest_Generation = YES;
				INFOPLIST_KEY_UIApplicationSupportsIndirectInputEvents = YES;
				INFOPLIST_KEY_UILaunchScreen_Generation = YES;
				INFOPLIST_KEY_UISupportedInterfaceOrientations_iPad = "UIInterfaceOrientationPortrait UIInterfaceOrientationPortraitUpsideDown UIInterfaceOrientationLandscapeLeft UIInterfaceOrientationLandscapeRight";
				INFOPLIST_KEY_UISupportedInterfaceOrientations_iPhone = "UIInterfaceOrientationPortrait UIInterfaceOrientationLandscapeLeft UIInterfaceOrientationLandscapeRight";
				LD_RUNPATH_SEARCH_PATHS = (
					"$(inherited)",
					"@executable_path/Frameworks",
				);
				MARKETING_VERSION = 1.0;
				PRODUCT_BUNDLE_IDENTIFIER = com.herisusanto.SwiftUIAdvance;
				PRODUCT_NAME = "$(TARGET_NAME)";
				SWIFT_EMIT_LOC_STRINGS = YES;
				SWIFT_VERSION = 5.0;
				TARGETED_DEVICE_FAMILY = "1,2";
			};
			name = Release;
		};
/* End XCBuildConfiguration section */

/* Begin XCConfigurationList section */
		0FCE6B982B932EE700D0BB05 /* Build configuration list for PBXProject "SwiftUIAdvance" */ = {
			isa = XCConfigurationList;
			buildConfigurations = (
				0FCE6BA92B932EE900D0BB05 /* Debug */,
				0FCE6BAA2B932EE900D0BB05 /* Release */,
			);
			defaultConfigurationIsVisible = 0;
			defaultConfigurationName = Release;
		};
		0FCE6BAB2B932EE900D0BB05 /* Build configuration list for PBXNativeTarget "SwiftUIAdvance" */ = {
			isa = XCConfigurationList;
			buildConfigurations = (
				0FCE6BAC2B932EE900D0BB05 /* Debug */,
				0FCE6BAD2B932EE900D0BB05 /* Release */,
			);
			defaultConfigurationIsVisible = 0;
			defaultConfigurationName = Release;
		};
/* End XCConfigurationList section */
	};
	rootObject = 0FCE6B952B932EE700D0BB05 /* Project object */;
}
